
Microsoft Visual Studio Solution File, Format Version 12.00
# Visual Studio Version 16
VisualStudioVersion = 16.0.29920.165
MinimumVisualStudioVersion = 10.0.40219.1
Project("{9A19103F-16F7-4668-BE54-9A1E7A4F7556}") = "Template.Contracts", "Template.Contracts\Template.Contracts.csproj", "{5FC60ABE-CFEB-4B27-8910-C71907D3F748}"
EndProject
Project("{9A19103F-16F7-4668-BE54-9A1E7A4F7556}") = "Template.WebAPI.IntegrationTests", "Template.WebAPI.IntegrationTests\Template.WebAPI.IntegrationTests.csproj", "{60D50F40-40FA-4CB9-91BB-993553308D05}"
EndProject
Project("{9A19103F-16F7-4668-BE54-9A1E7A4F7556}") = "Template.Domain", "Template.Domain\Template.Domain.csproj", "{47EF6A25-8D88-4A7D-9771-FF6D63834409}"
EndProject
Project("{9A19103F-16F7-4668-BE54-9A1E7A4F7556}") = "Template.Database", "Template.Database\Template.Database.csproj", "{E8F378BC-BA1A-4C05-B139-53D6C1E3D39A}"
EndProject
Project("{9A19103F-16F7-4668-BE54-9A1E7A4F7556}") = "Template.Core", "Template.Core\Template.Core.csproj", "{87249661-5B98-497F-AE64-843356939084}"
EndProject
Project("{9A19103F-16F7-4668-BE54-9A1E7A4F7556}") = "Template.WebAPI", "Template.WebAPI\Template.WebAPI.csproj", "{DDDFE855-4619-4E7A-B4E8-4FCEE8D351F3}"
EndProject
Project("{9A19103F-16F7-4668-BE54-9A1E7A4F7556}") = "Template.Authorization", "Template.Authorization\Template.Authorization.csproj", "{C7BA6456-48AF-45F0-B8B2-F010A194E178}"
EndProject
Project("{9A19103F-16F7-4668-BE54-9A1E7A4F7556}") = "Template.Sdk", "Template.Sdk\Template.Sdk.csproj", "{A861F2E3-40CF-4324-9EBE-C53360A29AC9}"
EndProject
Project("{FAE04EC0-301F-11D3-BF4B-00C04F79EFBC}") = "Template.EmailService", "Template.EmailService\Template.EmailService.csproj", "{A82C40C5-AE8B-4681-A054-C976341612C4}"
EndProject
Project("{9A19103F-16F7-4668-BE54-9A1E7A4F7556}") = "Template.Services", "Template.Services\Template.Services.csproj", "{EDE8BC7B-3ACF-4741-9132-9D2A81A8267F}"
EndProject
Global
	GlobalSection(SolutionConfigurationPlatforms) = preSolution
		Debug|Any CPU = Debug|Any CPU
		Release|Any CPU = Release|Any CPU
	EndGlobalSection
	GlobalSection(ProjectConfigurationPlatforms) = postSolution
		{5FC60ABE-CFEB-4B27-8910-C71907D3F748}.Debug|Any CPU.ActiveCfg = Debug|Any CPU
		{5FC60ABE-CFEB-4B27-8910-C71907D3F748}.Debug|Any CPU.Build.0 = Debug|Any CPU
		{5FC60ABE-CFEB-4B27-8910-C71907D3F748}.Release|Any CPU.ActiveCfg = Release|Any CPU
		{5FC60ABE-CFEB-4B27-8910-C71907D3F748}.Release|Any CPU.Build.0 = Release|Any CPU
		{60D50F40-40FA-4CB9-91BB-993553308D05}.Debug|Any CPU.ActiveCfg = Debug|Any CPU
		{60D50F40-40FA-4CB9-91BB-993553308D05}.Debug|Any CPU.Build.0 = Debug|Any CPU
		{60D50F40-40FA-4CB9-91BB-993553308D05}.Release|Any CPU.ActiveCfg = Release|Any CPU
		{60D50F40-40FA-4CB9-91BB-993553308D05}.Release|Any CPU.Build.0 = Release|Any CPU
		{47EF6A25-8D88-4A7D-9771-FF6D63834409}.Debug|Any CPU.ActiveCfg = Debug|Any CPU
		{47EF6A25-8D88-4A7D-9771-FF6D63834409}.Debug|Any CPU.Build.0 = Debug|Any CPU
		{47EF6A25-8D88-4A7D-9771-FF6D63834409}.Release|Any CPU.ActiveCfg = Release|Any CPU
		{47EF6A25-8D88-4A7D-9771-FF6D63834409}.Release|Any CPU.Build.0 = Release|Any CPU
		{E8F378BC-BA1A-4C05-B139-53D6C1E3D39A}.Debug|Any CPU.ActiveCfg = Debug|Any CPU
		{E8F378BC-BA1A-4C05-B139-53D6C1E3D39A}.Debug|Any CPU.Build.0 = Debug|Any CPU
		{E8F378BC-BA1A-4C05-B139-53D6C1E3D39A}.Release|Any CPU.ActiveCfg = Release|Any CPU
		{E8F378BC-BA1A-4C05-B139-53D6C1E3D39A}.Release|Any CPU.Build.0 = Release|Any CPU
		{87249661-5B98-497F-AE64-843356939084}.Debug|Any CPU.ActiveCfg = Debug|Any CPU
		{87249661-5B98-497F-AE64-843356939084}.Debug|Any CPU.Build.0 = Debug|Any CPU
		{87249661-5B98-497F-AE64-843356939084}.Release|Any CPU.ActiveCfg = Release|Any CPU
		{87249661-5B98-497F-AE64-843356939084}.Release|Any CPU.Build.0 = Release|Any CPU
		{DDDFE855-4619-4E7A-B4E8-4FCEE8D351F3}.Debug|Any CPU.ActiveCfg = Debug|Any CPU
		{DDDFE855-4619-4E7A-B4E8-4FCEE8D351F3}.Debug|Any CPU.Build.0 = Debug|Any CPU
		{DDDFE855-4619-4E7A-B4E8-4FCEE8D351F3}.Release|Any CPU.ActiveCfg = Release|Any CPU
		{DDDFE855-4619-4E7A-B4E8-4FCEE8D351F3}.Release|Any CPU.Build.0 = Release|Any CPU
		{C7BA6456-48AF-45F0-B8B2-F010A194E178}.Debug|Any CPU.ActiveCfg = Debug|Any CPU
		{C7BA6456-48AF-45F0-B8B2-F010A194E178}.Debug|Any CPU.Build.0 = Debug|Any CPU
		{C7BA6456-48AF-45F0-B8B2-F010A194E178}.Release|Any CPU.ActiveCfg = Release|Any CPU
		{C7BA6456-48AF-45F0-B8B2-F010A194E178}.Release|Any CPU.Build.0 = Release|Any CPU
		{A861F2E3-40CF-4324-9EBE-C53360A29AC9}.Debug|Any CPU.ActiveCfg = Debug|Any CPU
		{A861F2E3-40CF-4324-9EBE-C53360A29AC9}.Debug|Any CPU.Build.0 = Debug|Any CPU
		{A861F2E3-40CF-4324-9EBE-C53360A29AC9}.Release|Any CPU.ActiveCfg = Release|Any CPU
		{A861F2E3-40CF-4324-9EBE-C53360A29AC9}.Release|Any CPU.Build.0 = Release|Any CPU
		{A82C40C5-AE8B-4681-A054-C976341612C4}.Debug|Any CPU.ActiveCfg = Debug|Any CPU
		{A82C40C5-AE8B-4681-A054-C976341612C4}.Debug|Any CPU.Build.0 = Debug|Any CPU
		{A82C40C5-AE8B-4681-A054-C976341612C4}.Release|Any CPU.ActiveCfg = Release|Any CPU
		{A82C40C5-AE8B-4681-A054-C976341612C4}.Release|Any CPU.Build.0 = Release|Any CPU
		{EDE8BC7B-3ACF-4741-9132-9D2A81A8267F}.Debug|Any CPU.ActiveCfg = Debug|Any CPU
		{EDE8BC7B-3ACF-4741-9132-9D2A81A8267F}.Debug|Any CPU.Build.0 = Debug|Any CPU
		{EDE8BC7B-3ACF-4741-9132-9D2A81A8267F}.Release|Any CPU.ActiveCfg = Release|Any CPU
		{EDE8BC7B-3ACF-4741-9132-9D2A81A8267F}.Release|Any CPU.Build.0 = Release|Any CPU
	EndGlobalSection
	GlobalSection(SolutionProperties) = preSolution
		HideSolutionNode = FALSE
	EndGlobalSection
	GlobalSection(ExtensibilityGlobals) = postSolution
		SolutionGuid = {9A1768ED-2851-45E7-9528-E48A08556137}
	EndGlobalSection
EndGlobal
